
Microsoft Visual Studio Solution File, Format Version 12.00
# Visual Studio Version 17
VisualStudioVersion = 17.0.31808.319
MinimumVisualStudioVersion = 15.0.26124.0
Project("{9A19103F-16F7-4668-BE54-9A1E7A4F7556}") = "EstimatorX.Service", "src\EstimatorX.Service\EstimatorX.Service.csproj", "{245EB78C-8315-4696-A04F-8DA9A474B48B}"
EndProject
Project("{9A19103F-16F7-4668-BE54-9A1E7A4F7556}") = "EstimatorX.Shared", "src\EstimatorX.Shared\EstimatorX.Shared.csproj", "{6ABF3AD5-4790-482F-A8CC-42F53FE88BB1}"
EndProject
Project("{9A19103F-16F7-4668-BE54-9A1E7A4F7556}") = "EstimatorX.Core", "src\EstimatorX.Core\EstimatorX.Core.csproj", "{E95D7A7C-9594-4A78-963D-160104287BBB}"
EndProject
Project("{9A19103F-16F7-4668-BE54-9A1E7A4F7556}") = "EstimatorX.Client", "src\EstimatorX.Client\EstimatorX.Client.csproj", "{548A89F3-13F8-4CE8-8765-3E94DBF59720}"
EndProject
Project("{2150E333-8FDC-42A3-9474-1A3956D46DE8}") = "Build", "Build", "{2C204CD8-0275-4201-AECA-F27983998290}"
	ProjectSection(SolutionItems) = preProject
		build\common.props = build\common.props
		.github\workflows\dotnet.yml = .github\workflows\dotnet.yml
		README.md = README.md
		build\sourcelink.props = build\sourcelink.props
	EndProjectSection
EndProject
Project("{2150E333-8FDC-42A3-9474-1A3956D46DE8}") = "Solution Items", "Solution Items", "{CA676C3E-4D2D-4A8C-B61A-E5076B0496EB}"
	ProjectSection(SolutionItems) = preProject
		.editorconfig = .editorconfig
	EndProjectSection
EndProject
Project("{2150E333-8FDC-42A3-9474-1A3956D46DE8}") = "Tests", "Tests", "{6E76BD15-F1DB-42BC-8DAF-A4C401EBF254}"
EndProject
Project("{9A19103F-16F7-4668-BE54-9A1E7A4F7556}") = "EstimatorX.Core.Tests", "test\EstimatorX.Core.Tests\EstimatorX.Core.Tests.csproj", "{6A8B7DC8-6718-47F2-A21E-5E2603BC2A97}"
EndProject
Project("{9A19103F-16F7-4668-BE54-9A1E7A4F7556}") = "EstimatorX.Shared.Tests", "test\EstimatorX.Shared.Tests\EstimatorX.Shared.Tests.csproj", "{C4F9007F-8FDF-4BAB-AEBD-01BA1706CFE8}"
EndProject
Project("{2150E333-8FDC-42A3-9474-1A3956D46DE8}") = "Migration", "Migration", "{6650CC1F-EB45-45F8-973D-97A591CFC57F}"
EndProject
Project("{9A19103F-16F7-4668-BE54-9A1E7A4F7556}") = "Estimatorx.Data.Mongo", "migration\Estimatorx.Data.Mongo\Estimatorx.Data.Mongo.csproj", "{C1C7EE17-63EE-4AB2-8D4B-E1688115D850}"
EndProject
Project("{9A19103F-16F7-4668-BE54-9A1E7A4F7556}") = "Estimatorx.Migration", "migration\Estimatorx.Migration\Estimatorx.Migration.csproj", "{64C2B7DC-5832-4A09-876A-13FB3DB8871D}"
EndProject
Global
	GlobalSection(SolutionConfigurationPlatforms) = preSolution
		Debug|Any CPU = Debug|Any CPU
		Debug|x64 = Debug|x64
		Debug|x86 = Debug|x86
		Release|Any CPU = Release|Any CPU
		Release|x64 = Release|x64
		Release|x86 = Release|x86
	EndGlobalSection
	GlobalSection(ProjectConfigurationPlatforms) = postSolution
		{245EB78C-8315-4696-A04F-8DA9A474B48B}.Debug|Any CPU.ActiveCfg = Debug|Any CPU
		{245EB78C-8315-4696-A04F-8DA9A474B48B}.Debug|Any CPU.Build.0 = Debug|Any CPU
		{245EB78C-8315-4696-A04F-8DA9A474B48B}.Debug|x64.ActiveCfg = Debug|Any CPU
		{245EB78C-8315-4696-A04F-8DA9A474B48B}.Debug|x64.Build.0 = Debug|Any CPU
		{245EB78C-8315-4696-A04F-8DA9A474B48B}.Debug|x86.ActiveCfg = Debug|Any CPU
		{245EB78C-8315-4696-A04F-8DA9A474B48B}.Debug|x86.Build.0 = Debug|Any CPU
		{245EB78C-8315-4696-A04F-8DA9A474B48B}.Release|Any CPU.ActiveCfg = Release|Any CPU
		{245EB78C-8315-4696-A04F-8DA9A474B48B}.Release|Any CPU.Build.0 = Release|Any CPU
		{245EB78C-8315-4696-A04F-8DA9A474B48B}.Release|x64.ActiveCfg = Release|Any CPU
		{245EB78C-8315-4696-A04F-8DA9A474B48B}.Release|x64.Build.0 = Release|Any CPU
		{245EB78C-8315-4696-A04F-8DA9A474B48B}.Release|x86.ActiveCfg = Release|Any CPU
		{245EB78C-8315-4696-A04F-8DA9A474B48B}.Release|x86.Build.0 = Release|Any CPU
		{6ABF3AD5-4790-482F-A8CC-42F53FE88BB1}.Debug|Any CPU.ActiveCfg = Debug|Any CPU
		{6ABF3AD5-4790-482F-A8CC-42F53FE88BB1}.Debug|Any CPU.Build.0 = Debug|Any CPU
		{6ABF3AD5-4790-482F-A8CC-42F53FE88BB1}.Debug|x64.ActiveCfg = Debug|Any CPU
		{6ABF3AD5-4790-482F-A8CC-42F53FE88BB1}.Debug|x64.Build.0 = Debug|Any CPU
		{6ABF3AD5-4790-482F-A8CC-42F53FE88BB1}.Debug|x86.ActiveCfg = Debug|Any CPU
		{6ABF3AD5-4790-482F-A8CC-42F53FE88BB1}.Debug|x86.Build.0 = Debug|Any CPU
		{6ABF3AD5-4790-482F-A8CC-42F53FE88BB1}.Release|Any CPU.ActiveCfg = Release|Any CPU
		{6ABF3AD5-4790-482F-A8CC-42F53FE88BB1}.Release|Any CPU.Build.0 = Release|Any CPU
		{6ABF3AD5-4790-482F-A8CC-42F53FE88BB1}.Release|x64.ActiveCfg = Release|Any CPU
		{6ABF3AD5-4790-482F-A8CC-42F53FE88BB1}.Release|x64.Build.0 = Release|Any CPU
		{6ABF3AD5-4790-482F-A8CC-42F53FE88BB1}.Release|x86.ActiveCfg = Release|Any CPU
		{6ABF3AD5-4790-482F-A8CC-42F53FE88BB1}.Release|x86.Build.0 = Release|Any CPU
		{E95D7A7C-9594-4A78-963D-160104287BBB}.Debug|Any CPU.ActiveCfg = Debug|Any CPU
		{E95D7A7C-9594-4A78-963D-160104287BBB}.Debug|Any CPU.Build.0 = Debug|Any CPU
		{E95D7A7C-9594-4A78-963D-160104287BBB}.Debug|x64.ActiveCfg = Debug|Any CPU
		{E95D7A7C-9594-4A78-963D-160104287BBB}.Debug|x64.Build.0 = Debug|Any CPU
		{E95D7A7C-9594-4A78-963D-160104287BBB}.Debug|x86.ActiveCfg = Debug|Any CPU
		{E95D7A7C-9594-4A78-963D-160104287BBB}.Debug|x86.Build.0 = Debug|Any CPU
		{E95D7A7C-9594-4A78-963D-160104287BBB}.Release|Any CPU.ActiveCfg = Release|Any CPU
		{E95D7A7C-9594-4A78-963D-160104287BBB}.Release|Any CPU.Build.0 = Release|Any CPU
		{E95D7A7C-9594-4A78-963D-160104287BBB}.Release|x64.ActiveCfg = Release|Any CPU
		{E95D7A7C-9594-4A78-963D-160104287BBB}.Release|x64.Build.0 = Release|Any CPU
		{E95D7A7C-9594-4A78-963D-160104287BBB}.Release|x86.ActiveCfg = Release|Any CPU
		{E95D7A7C-9594-4A78-963D-160104287BBB}.Release|x86.Build.0 = Release|Any CPU
		{548A89F3-13F8-4CE8-8765-3E94DBF59720}.Debug|Any CPU.ActiveCfg = Debug|Any CPU
		{548A89F3-13F8-4CE8-8765-3E94DBF59720}.Debug|Any CPU.Build.0 = Debug|Any CPU
		{548A89F3-13F8-4CE8-8765-3E94DBF59720}.Debug|x64.ActiveCfg = Debug|Any CPU
		{548A89F3-13F8-4CE8-8765-3E94DBF59720}.Debug|x64.Build.0 = Debug|Any CPU
		{548A89F3-13F8-4CE8-8765-3E94DBF59720}.Debug|x86.ActiveCfg = Debug|Any CPU
		{548A89F3-13F8-4CE8-8765-3E94DBF59720}.Debug|x86.Build.0 = Debug|Any CPU
		{548A89F3-13F8-4CE8-8765-3E94DBF59720}.Release|Any CPU.ActiveCfg = Release|Any CPU
		{548A89F3-13F8-4CE8-8765-3E94DBF59720}.Release|Any CPU.Build.0 = Release|Any CPU
		{548A89F3-13F8-4CE8-8765-3E94DBF59720}.Release|x64.ActiveCfg = Release|Any CPU
		{548A89F3-13F8-4CE8-8765-3E94DBF59720}.Release|x64.Build.0 = Release|Any CPU
		{548A89F3-13F8-4CE8-8765-3E94DBF59720}.Release|x86.ActiveCfg = Release|Any CPU
		{548A89F3-13F8-4CE8-8765-3E94DBF59720}.Release|x86.Build.0 = Release|Any CPU
		{6A8B7DC8-6718-47F2-A21E-5E2603BC2A97}.Debug|Any CPU.ActiveCfg = Debug|Any CPU
		{6A8B7DC8-6718-47F2-A21E-5E2603BC2A97}.Debug|Any CPU.Build.0 = Debug|Any CPU
		{6A8B7DC8-6718-47F2-A21E-5E2603BC2A97}.Debug|x64.ActiveCfg = Debug|Any CPU
		{6A8B7DC8-6718-47F2-A21E-5E2603BC2A97}.Debug|x64.Build.0 = Debug|Any CPU
		{6A8B7DC8-6718-47F2-A21E-5E2603BC2A97}.Debug|x86.ActiveCfg = Debug|Any CPU
		{6A8B7DC8-6718-47F2-A21E-5E2603BC2A97}.Debug|x86.Build.0 = Debug|Any CPU
		{6A8B7DC8-6718-47F2-A21E-5E2603BC2A97}.Release|Any CPU.ActiveCfg = Release|Any CPU
		{6A8B7DC8-6718-47F2-A21E-5E2603BC2A97}.Release|Any CPU.Build.0 = Release|Any CPU
		{6A8B7DC8-6718-47F2-A21E-5E2603BC2A97}.Release|x64.ActiveCfg = Release|Any CPU
		{6A8B7DC8-6718-47F2-A21E-5E2603BC2A97}.Release|x64.Build.0 = Release|Any CPU
		{6A8B7DC8-6718-47F2-A21E-5E2603BC2A97}.Release|x86.ActiveCfg = Release|Any CPU
		{6A8B7DC8-6718-47F2-A21E-5E2603BC2A97}.Release|x86.Build.0 = Release|Any CPU
		{C4F9007F-8FDF-4BAB-AEBD-01BA1706CFE8}.Debug|Any CPU.ActiveCfg = Debug|Any CPU
		{C4F9007F-8FDF-4BAB-AEBD-01BA1706CFE8}.Debug|Any CPU.Build.0 = Debug|Any CPU
		{C4F9007F-8FDF-4BAB-AEBD-01BA1706CFE8}.Debug|x64.ActiveCfg = Debug|Any CPU
		{C4F9007F-8FDF-4BAB-AEBD-01BA1706CFE8}.Debug|x64.Build.0 = Debug|Any CPU
		{C4F9007F-8FDF-4BAB-AEBD-01BA1706CFE8}.Debug|x86.ActiveCfg = Debug|Any CPU
		{C4F9007F-8FDF-4BAB-AEBD-01BA1706CFE8}.Debug|x86.Build.0 = Debug|Any CPU
		{C4F9007F-8FDF-4BAB-AEBD-01BA1706CFE8}.Release|Any CPU.ActiveCfg = Release|Any CPU
		{C4F9007F-8FDF-4BAB-AEBD-01BA1706CFE8}.Release|Any CPU.Build.0 = Release|Any CPU
		{C4F9007F-8FDF-4BAB-AEBD-01BA1706CFE8}.Release|x64.ActiveCfg = Release|Any CPU
		{C4F9007F-8FDF-4BAB-AEBD-01BA1706CFE8}.Release|x64.Build.0 = Release|Any CPU
		{C4F9007F-8FDF-4BAB-AEBD-01BA1706CFE8}.Release|x86.ActiveCfg = Release|Any CPU
		{C4F9007F-8FDF-4BAB-AEBD-01BA1706CFE8}.Release|x86.Build.0 = Release|Any CPU
		{C1C7EE17-63EE-4AB2-8D4B-E1688115D850}.Debug|Any CPU.ActiveCfg = Debug|Any CPU
		{C1C7EE17-63EE-4AB2-8D4B-E1688115D850}.Debug|Any CPU.Build.0 = Debug|Any CPU
		{C1C7EE17-63EE-4AB2-8D4B-E1688115D850}.Debug|x64.ActiveCfg = Debug|Any CPU
		{C1C7EE17-63EE-4AB2-8D4B-E1688115D850}.Debug|x64.Build.0 = Debug|Any CPU
		{C1C7EE17-63EE-4AB2-8D4B-E1688115D850}.Debug|x86.ActiveCfg = Debug|Any CPU
		{C1C7EE17-63EE-4AB2-8D4B-E1688115D850}.Debug|x86.Build.0 = Debug|Any CPU
		{C1C7EE17-63EE-4AB2-8D4B-E1688115D850}.Release|Any CPU.ActiveCfg = Release|Any CPU
		{C1C7EE17-63EE-4AB2-8D4B-E1688115D850}.Release|Any CPU.Build.0 = Release|Any CPU
		{C1C7EE17-63EE-4AB2-8D4B-E1688115D850}.Release|x64.ActiveCfg = Release|Any CPU
		{C1C7EE17-63EE-4AB2-8D4B-E1688115D850}.Release|x64.Build.0 = Release|Any CPU
		{C1C7EE17-63EE-4AB2-8D4B-E1688115D850}.Release|x86.ActiveCfg = Release|Any CPU
		{C1C7EE17-63EE-4AB2-8D4B-E1688115D850}.Release|x86.Build.0 = Release|Any CPU
		{64C2B7DC-5832-4A09-876A-13FB3DB8871D}.Debug|Any CPU.ActiveCfg = Debug|Any CPU
		{64C2B7DC-5832-4A09-876A-13FB3DB8871D}.Debug|Any CPU.Build.0 = Debug|Any CPU
		{64C2B7DC-5832-4A09-876A-13FB3DB8871D}.Debug|x64.ActiveCfg = Debug|Any CPU
		{64C2B7DC-5832-4A09-876A-13FB3DB8871D}.Debug|x64.Build.0 = Debug|Any CPU
		{64C2B7DC-5832-4A09-876A-13FB3DB8871D}.Debug|x86.ActiveCfg = Debug|Any CPU
		{64C2B7DC-5832-4A09-876A-13FB3DB8871D}.Debug|x86.Build.0 = Debug|Any CPU
		{64C2B7DC-5832-4A09-876A-13FB3DB8871D}.Release|Any CPU.ActiveCfg = Release|Any CPU
		{64C2B7DC-5832-4A09-876A-13FB3DB8871D}.Release|Any CPU.Build.0 = Release|Any CPU
		{64C2B7DC-5832-4A09-876A-13FB3DB8871D}.Release|x64.ActiveCfg = Release|Any CPU
		{64C2B7DC-5832-4A09-876A-13FB3DB8871D}.Release|x64.Build.0 = Release|Any CPU
		{64C2B7DC-5832-4A09-876A-13FB3DB8871D}.Release|x86.ActiveCfg = Release|Any CPU
		{64C2B7DC-5832-4A09-876A-13FB3DB8871D}.Release|x86.Build.0 = Release|Any CPU
	EndGlobalSection
	GlobalSection(SolutionProperties) = preSolution
		HideSolutionNode = FALSE
	EndGlobalSection
	GlobalSection(NestedProjects) = preSolution
		{6A8B7DC8-6718-47F2-A21E-5E2603BC2A97} = {6E76BD15-F1DB-42BC-8DAF-A4C401EBF254}
		{C4F9007F-8FDF-4BAB-AEBD-01BA1706CFE8} = {6E76BD15-F1DB-42BC-8DAF-A4C401EBF254}
		{C1C7EE17-63EE-4AB2-8D4B-E1688115D850} = {6650CC1F-EB45-45F8-973D-97A591CFC57F}
		{64C2B7DC-5832-4A09-876A-13FB3DB8871D} = {6650CC1F-EB45-45F8-973D-97A591CFC57F}
	EndGlobalSection
	GlobalSection(ExtensibilityGlobals) = postSolution
		SolutionGuid = {5EE01087-A29A-480E-B164-C3D0961915FA}
	EndGlobalSection
EndGlobal
