
Microsoft Visual Studio Solution File, Format Version 12.00
# Visual Studio 2013
VisualStudioVersion = 12.0.31101.0
MinimumVisualStudioVersion = 10.0.40219.1
Project("{FAE04EC0-301F-11D3-BF4B-00C04F79EFBC}") = "Estimator.Web", "Estimator.Web\Estimator.Web.csproj", "{5370612B-D6A5-4DEA-8C26-3E8E974CD1DA}"
EndProject
Project("{FAE04EC0-301F-11D3-BF4B-00C04F79EFBC}") = "Estimator.Core", "Estimator.Core\Estimator.Core.csproj", "{C5F768AA-8DC4-4AC2-A4AF-7726383C279C}"
EndProject
Project("{FAE04EC0-301F-11D3-BF4B-00C04F79EFBC}") = "Estimator.Core.Tests", "Estimator.Core.Tests\Estimator.Core.Tests.csproj", "{4113A43D-C54D-419A-93BB-B2165538E1F6}"
EndProject
Project("{FAE04EC0-301F-11D3-BF4B-00C04F79EFBC}") = "Estimator.Data.Mongo", "Estimator.Data.Mongo\Estimator.Data.Mongo.csproj", "{0CBD65D2-9627-41E6-AAD1-D12B33D19946}"
EndProject
Project("{FAE04EC0-301F-11D3-BF4B-00C04F79EFBC}") = "Estimator.Data.Mongo.Tests", "Estimator.Data.Mongo.Tests\Estimator.Data.Mongo.Tests.csproj", "{3D1557AF-EC2D-4C5B-A2F8-456834F8BA9F}"
EndProject
Global
	GlobalSection(SolutionConfigurationPlatforms) = preSolution
		Debug|Any CPU = Debug|Any CPU
		Release|Any CPU = Release|Any CPU
	EndGlobalSection
	GlobalSection(ProjectConfigurationPlatforms) = postSolution
		{5370612B-D6A5-4DEA-8C26-3E8E974CD1DA}.Debug|Any CPU.ActiveCfg = Debug|Any CPU
		{5370612B-D6A5-4DEA-8C26-3E8E974CD1DA}.Debug|Any CPU.Build.0 = Debug|Any CPU
		{5370612B-D6A5-4DEA-8C26-3E8E974CD1DA}.Release|Any CPU.ActiveCfg = Release|Any CPU
		{5370612B-D6A5-4DEA-8C26-3E8E974CD1DA}.Release|Any CPU.Build.0 = Release|Any CPU
		{C5F768AA-8DC4-4AC2-A4AF-7726383C279C}.Debug|Any CPU.ActiveCfg = Debug|Any CPU
		{C5F768AA-8DC4-4AC2-A4AF-7726383C279C}.Debug|Any CPU.Build.0 = Debug|Any CPU
		{C5F768AA-8DC4-4AC2-A4AF-7726383C279C}.Release|Any CPU.ActiveCfg = Release|Any CPU
		{C5F768AA-8DC4-4AC2-A4AF-7726383C279C}.Release|Any CPU.Build.0 = Release|Any CPU
		{4113A43D-C54D-419A-93BB-B2165538E1F6}.Debug|Any CPU.ActiveCfg = Debug|Any CPU
		{4113A43D-C54D-419A-93BB-B2165538E1F6}.Debug|Any CPU.Build.0 = Debug|Any CPU
		{4113A43D-C54D-419A-93BB-B2165538E1F6}.Release|Any CPU.ActiveCfg = Release|Any CPU
		{4113A43D-C54D-419A-93BB-B2165538E1F6}.Release|Any CPU.Build.0 = Release|Any CPU
		{0CBD65D2-9627-41E6-AAD1-D12B33D19946}.Debug|Any CPU.ActiveCfg = Debug|Any CPU
		{0CBD65D2-9627-41E6-AAD1-D12B33D19946}.Debug|Any CPU.Build.0 = Debug|Any CPU
		{0CBD65D2-9627-41E6-AAD1-D12B33D19946}.Release|Any CPU.ActiveCfg = Release|Any CPU
		{0CBD65D2-9627-41E6-AAD1-D12B33D19946}.Release|Any CPU.Build.0 = Release|Any CPU
		{3D1557AF-EC2D-4C5B-A2F8-456834F8BA9F}.Debug|Any CPU.ActiveCfg = Debug|Any CPU
		{3D1557AF-EC2D-4C5B-A2F8-456834F8BA9F}.Debug|Any CPU.Build.0 = Debug|Any CPU
		{3D1557AF-EC2D-4C5B-A2F8-456834F8BA9F}.Release|Any CPU.ActiveCfg = Release|Any CPU
		{3D1557AF-EC2D-4C5B-A2F8-456834F8BA9F}.Release|Any CPU.Build.0 = Release|Any CPU
	EndGlobalSection
	GlobalSection(SolutionProperties) = preSolution
		HideSolutionNode = FALSE
	EndGlobalSection
EndGlobal
